
Microsoft Visual Studio Solution File, Format Version 12.00
# Visual Studio 15
VisualStudioVersion = 15.0.27428.2043
MinimumVisualStudioVersion = 10.0.40219.1
Project("{FAE04EC0-301F-11D3-BF4B-00C04F79EFBC}") = "jenkinsTest", "jenkinsTest\jenkinsTest.csproj", "{B551DED9-6F6B-479A-924C-1588FB65EEEC}"
EndProject
Project("{FAE04EC0-301F-11D3-BF4B-00C04F79EFBC}") = "JenkinsApi", "JenkinsApi\JenkinsApi.csproj", "{DFF65BB1-9B30-4CC1-854E-67A045C3F5BA}"
EndProject
Global
	GlobalSection(SolutionConfigurationPlatforms) = preSolution
		Debug|Any CPU = Debug|Any CPU
		Jenkins|Any CPU = Jenkins|Any CPU
		Release|Any CPU = Release|Any CPU
	EndGlobalSection
	GlobalSection(ProjectConfigurationPlatforms) = postSolution
		{B551DED9-6F6B-479A-924C-1588FB65EEEC}.Debug|Any CPU.ActiveCfg = Debug|Any CPU
		{B551DED9-6F6B-479A-924C-1588FB65EEEC}.Debug|Any CPU.Build.0 = Debug|Any CPU
		{B551DED9-6F6B-479A-924C-1588FB65EEEC}.Jenkins|Any CPU.ActiveCfg = Jenkins|Any CPU
		{B551DED9-6F6B-479A-924C-1588FB65EEEC}.Jenkins|Any CPU.Build.0 = Jenkins|Any CPU
		{B551DED9-6F6B-479A-924C-1588FB65EEEC}.Release|Any CPU.ActiveCfg = Release|Any CPU
		{B551DED9-6F6B-479A-924C-1588FB65EEEC}.Release|Any CPU.Build.0 = Release|Any CPU
		{DFF65BB1-9B30-4CC1-854E-67A045C3F5BA}.Debug|Any CPU.ActiveCfg = Debug|Any CPU
		{DFF65BB1-9B30-4CC1-854E-67A045C3F5BA}.Debug|Any CPU.Build.0 = Debug|Any CPU
		{DFF65BB1-9B30-4CC1-854E-67A045C3F5BA}.Jenkins|Any CPU.ActiveCfg = Release|Any CPU
		{DFF65BB1-9B30-4CC1-854E-67A045C3F5BA}.Jenkins|Any CPU.Build.0 = Release|Any CPU
		{DFF65BB1-9B30-4CC1-854E-67A045C3F5BA}.Release|Any CPU.ActiveCfg = Release|Any CPU
		{DFF65BB1-9B30-4CC1-854E-67A045C3F5BA}.Release|Any CPU.Build.0 = Release|Any CPU
	EndGlobalSection
	GlobalSection(SolutionProperties) = preSolution
		HideSolutionNode = FALSE
	EndGlobalSection
	GlobalSection(ExtensibilityGlobals) = postSolution
		SolutionGuid = {45B954A3-59DD-4D6C-8726-9802E1116466}
	EndGlobalSection
EndGlobal
